{
  "name": "relock-npm-lock-v2-Th7xtN",
  "lockfileVersion": 2,
  "requires": true,
  "packages": {
    "": {
      "dependencies": {
        "libsodium": "^0.7.14"
      }
    },
    "node_modules/libsodium": {
      "version": "0.7.14",
      "resolved": "https://registry.npmjs.org/libsodium/-/libsodium-0.7.14.tgz",
      "integrity": "sha512-/pOd7eO6oZrfORquRTC4284OUJFcMi8F3Vnc9xtRBT0teLfOUxWIItaBFF3odYjZ7nlJNwnLdUVEUFHxVyX/Sw==",
      "license": "ISC"
    }
  },
  "dependencies": {
    "libsodium": {
      "version": "0.7.14",
      "resolved": "https://registry.npmjs.org/libsodium/-/libsodium-0.7.14.tgz",
      "integrity": "sha512-/pOd7eO6oZrfORquRTC4284OUJFcMi8F3Vnc9xtRBT0teLfOUxWIItaBFF3odYjZ7nlJNwnLdUVEUFHxVyX/Sw=="
    }
  }
}
