{
  "name": "relock-npm-lock-v2-xBmFRK",
  "lockfileVersion": 2,
  "requires": true,
  "packages": {
    "": {
      "dependencies": {
        "libsodium": "^0.7.15"
      }
    },
    "node_modules/libsodium": {
      "version": "0.7.15",
      "resolved": "https://registry.npmjs.org/libsodium/-/libsodium-0.7.15.tgz",
      "integrity": "sha512-sZwRknt/tUpE2AwzHq3jEyUU5uvIZHtSssktXq7owd++3CSgn8RGrv6UZJJBpP7+iBghBqe7Z06/2M31rI2NKw==",
      "license": "ISC"
    }
  },
  "dependencies": {
    "libsodium": {
      "version": "0.7.15",
      "resolved": "https://registry.npmjs.org/libsodium/-/libsodium-0.7.15.tgz",
      "integrity": "sha512-sZwRknt/tUpE2AwzHq3jEyUU5uvIZHtSssktXq7owd++3CSgn8RGrv6UZJJBpP7+iBghBqe7Z06/2M31rI2NKw=="
    }
  }
}
