{
  "name": "relock-npm-lock-v2-Fqol77",
  "lockfileVersion": 2,
  "requires": true,
  "packages": {
    "": {
      "dependencies": {
        "libsodium": "^0.8.0"
      }
    },
    "node_modules/libsodium": {
      "version": "0.8.0",
      "resolved": "https://registry.npmjs.org/libsodium/-/libsodium-0.8.0.tgz",
      "integrity": "sha512-GQ4Sg0/Z0Ui6ZvKeTd8bH7VAAqk1ZHZDAo/pcuSi0uPbIN6LYAAotR0GEYb8v+y4/tSsXZPr06D6hhqKd7tnoQ==",
      "license": "ISC"
    }
  },
  "dependencies": {
    "libsodium": {
      "version": "0.8.0",
      "resolved": "https://registry.npmjs.org/libsodium/-/libsodium-0.8.0.tgz",
      "integrity": "sha512-GQ4Sg0/Z0Ui6ZvKeTd8bH7VAAqk1ZHZDAo/pcuSi0uPbIN6LYAAotR0GEYb8v+y4/tSsXZPr06D6hhqKd7tnoQ=="
    }
  }
}
